// !$*UTF8*$!
{
	archiveVersion = 1;
	classes = {
	};
	objectVersion = 55;
	objects = {

/* Begin PBXBuildFile section */
		031FAE962A374C1400D44960 /* AppDelegate.swift in Sources */ = {isa = PBXBuildFile; fileRef = 031FAE952A374C1400D44960 /* AppDelegate.swift */; };
		031FAE982A374C1400D44960 /* SceneDelegate.swift in Sources */ = {isa = PBXBuildFile; fileRef = 031FAE972A374C1400D44960 /* SceneDelegate.swift */; };
		031FAE9A2A374C1400D44960 /* ViewController.swift in Sources */ = {isa = PBXBuildFile; fileRef = 031FAE992A374C1400D44960 /* ViewController.swift */; };
		031FAE9D2A374C1400D44960 /* Main.storyboard in Resources */ = {isa = PBXBuildFile; fileRef = 031FAE9B2A374C1400D44960 /* Main.storyboard */; };
		031FAE9F2A374C1800D44960 /* Assets.xcassets in Resources */ = {isa = PBXBuildFile; fileRef = 031FAE9E2A374C1800D44960 /* Assets.xcassets */; };
		031FAEA22A374C1800D44960 /* LaunchScreen.storyboard in Resources */ = {isa = PBXBuildFile; fileRef = 031FAEA02A374C1800D44960 /* LaunchScreen.storyboard */; };
		031FAEAB2A37567B00D44960 /* currencyCell.swift in Sources */ = {isa = PBXBuildFile; fileRef = 031FAEA92A37567B00D44960 /* currencyCell.swift */; };
		031FAEAC2A37567B00D44960 /* currencyCell.xib in Resources */ = {isa = PBXBuildFile; fileRef = 031FAEAA2A37567B00D44960 /* currencyCell.xib */; };
		031FAEAE2A37570500D44960 /* CurrencyDetails.swift in Sources */ = {isa = PBXBuildFile; fileRef = 031FAEAD2A37570500D44960 /* CurrencyDetails.swift */; };
		031FAEB12A38E5E600D44960 /* currencyModel.swift in Sources */ = {isa = PBXBuildFile; fileRef = 031FAEB02A38E5E600D44960 /* currencyModel.swift */; };
		031FAEB52A38F30B00D44960 /* APIClient.swift in Sources */ = {isa = PBXBuildFile; fileRef = 031FAEB32A38F30B00D44960 /* APIClient.swift */; };
		031FAEB62A38F30B00D44960 /* URLs.swift in Sources */ = {isa = PBXBuildFile; fileRef = 031FAEB42A38F30B00D44960 /* URLs.swift */; };
		031FAEBB2A38F7EE00D44960 /* mainHomePresenter.swift in Sources */ = {isa = PBXBuildFile; fileRef = 031FAEB82A38F7EE00D44960 /* mainHomePresenter.swift */; };
		031FAEBC2A38F7EE00D44960 /* mainHomeVC.swift in Sources */ = {isa = PBXBuildFile; fileRef = 031FAEB92A38F7EE00D44960 /* mainHomeVC.swift */; };
		031FAEBD2A38F7EE00D44960 /* mainHomeConfigurator.swift in Sources */ = {isa = PBXBuildFile; fileRef = 031FAEBA2A38F7EE00D44960 /* mainHomeConfigurator.swift */; };
		E4F765CF8C47B3983774211F /* Pods_CurrencyApp.framework in Frameworks */ = {isa = PBXBuildFile; fileRef = 8929FE2A8D9635DB7D84A7A1 /* Pods_CurrencyApp.framework */; };
/* End PBXBuildFile section */

/* Begin PBXFileReference section */
		031FAE922A374C1400D44960 /* CurrencyApp.app */ = {isa = PBXFileReference; explicitFileType = wrapper.application; includeInIndex = 0; path = CurrencyApp.app; sourceTree = BUILT_PRODUCTS_DIR; };
		031FAE952A374C1400D44960 /* AppDelegate.swift */ = {isa = PBXFileReference; lastKnownFileType = sourcecode.swift; path = AppDelegate.swift; sourceTree = "<group>"; };
		031FAE972A374C1400D44960 /* SceneDelegate.swift */ = {isa = PBXFileReference; lastKnownFileType = sourcecode.swift; path = SceneDelegate.swift; sourceTree = "<group>"; };
		031FAE992A374C1400D44960 /* ViewController.swift */ = {isa = PBXFileReference; lastKnownFileType = sourcecode.swift; path = ViewController.swift; sourceTree = "<group>"; };
		031FAE9C2A374C1400D44960 /* Base */ = {isa = PBXFileReference; lastKnownFileType = file.storyboard; name = Base; path = Base.lproj/Main.storyboard; sourceTree = "<group>"; };
		031FAE9E2A374C1800D44960 /* Assets.xcassets */ = {isa = PBXFileReference; lastKnownFileType = folder.assetcatalog; path = Assets.xcassets; sourceTree = "<group>"; };
		031FAEA12A374C1800D44960 /* Base */ = {isa = PBXFileReference; lastKnownFileType = file.storyboard; name = Base; path = Base.lproj/LaunchScreen.storyboard; sourceTree = "<group>"; };
		031FAEA32A374C1800D44960 /* Info.plist */ = {isa = PBXFileReference; lastKnownFileType = text.plist.xml; path = Info.plist; sourceTree = "<group>"; };
		031FAEA92A37567B00D44960 /* currencyCell.swift */ = {isa = PBXFileReference; lastKnownFileType = sourcecode.swift; path = currencyCell.swift; sourceTree = "<group>"; };
		031FAEAA2A37567B00D44960 /* currencyCell.xib */ = {isa = PBXFileReference; lastKnownFileType = file.xib; path = currencyCell.xib; sourceTree = "<group>"; };
		031FAEAD2A37570500D44960 /* CurrencyDetails.swift */ = {isa = PBXFileReference; lastKnownFileType = sourcecode.swift; path = CurrencyDetails.swift; sourceTree = "<group>"; };
		031FAEB02A38E5E600D44960 /* currencyModel.swift */ = {isa = PBXFileReference; lastKnownFileType = sourcecode.swift; path = currencyModel.swift; sourceTree = "<group>"; };
		031FAEB32A38F30B00D44960 /* APIClient.swift */ = {isa = PBXFileReference; fileEncoding = 4; lastKnownFileType = sourcecode.swift; path = APIClient.swift; sourceTree = "<group>"; };
		031FAEB42A38F30B00D44960 /* URLs.swift */ = {isa = PBXFileReference; fileEncoding = 4; lastKnownFileType = sourcecode.swift; path = URLs.swift; sourceTree = "<group>"; };
		031FAEB82A38F7EE00D44960 /* mainHomePresenter.swift */ = {isa = PBXFileReference; fileEncoding = 4; lastKnownFileType = sourcecode.swift; path = mainHomePresenter.swift; sourceTree = "<group>"; };
		031FAEB92A38F7EE00D44960 /* mainHomeVC.swift */ = {isa = PBXFileReference; fileEncoding = 4; lastKnownFileType = sourcecode.swift; path = mainHomeVC.swift; sourceTree = "<group>"; };
		031FAEBA2A38F7EE00D44960 /* mainHomeConfigurator.swift */ = {isa = PBXFileReference; fileEncoding = 4; lastKnownFileType = sourcecode.swift; path = mainHomeConfigurator.swift; sourceTree = "<group>"; };
		301B6021FCA2F70F443ED06D /* Pods-CurrencyApp.debug.xcconfig */ = {isa = PBXFileReference; includeInIndex = 1; lastKnownFileType = text.xcconfig; name = "Pods-CurrencyApp.debug.xcconfig"; path = "Target Support Files/Pods-CurrencyApp/Pods-CurrencyApp.debug.xcconfig"; sourceTree = "<group>"; };
		8929FE2A8D9635DB7D84A7A1 /* Pods_CurrencyApp.framework */ = {isa = PBXFileReference; explicitFileType = wrapper.framework; includeInIndex = 0; path = Pods_CurrencyApp.framework; sourceTree = BUILT_PRODUCTS_DIR; };
		98A87BACCBF68089ED4717C7 /* Pods-CurrencyApp.release.xcconfig */ = {isa = PBXFileReference; includeInIndex = 1; lastKnownFileType = text.xcconfig; name = "Pods-CurrencyApp.release.xcconfig"; path = "Target Support Files/Pods-CurrencyApp/Pods-CurrencyApp.release.xcconfig"; sourceTree = "<group>"; };
/* End PBXFileReference section */

/* Begin PBXFrameworksBuildPhase section */
		031FAE8F2A374C1300D44960 /* Frameworks */ = {
			isa = PBXFrameworksBuildPhase;
			buildActionMask = 2147483647;
			files = (
				E4F765CF8C47B3983774211F /* Pods_CurrencyApp.framework in Frameworks */,
			);
			runOnlyForDeploymentPostprocessing = 0;
		};
/* End PBXFrameworksBuildPhase section */

/* Begin PBXGroup section */
		031FAE892A374C1300D44960 = {
			isa = PBXGroup;
			children = (
				031FAE942A374C1400D44960 /* CurrencyApp */,
				031FAE932A374C1400D44960 /* Products */,
				F9314E5BD4889DD0011B1FFD /* Pods */,
				5C725EA7145C570E48AD0929 /* Frameworks */,
			);
			sourceTree = "<group>";
		};
		031FAE932A374C1400D44960 /* Products */ = {
			isa = PBXGroup;
			children = (
				031FAE922A374C1400D44960 /* CurrencyApp.app */,
			);
			name = Products;
			sourceTree = "<group>";
		};
		031FAE942A374C1400D44960 /* CurrencyApp */ = {
			isa = PBXGroup;
			children = (
				031FAEB72A38F7D900D44960 /* Home */,
				031FAEB22A38F30B00D44960 /* Network */,
				031FAEAF2A38E5A400D44960 /* Models */,
				031FAE952A374C1400D44960 /* AppDelegate.swift */,
				031FAE972A374C1400D44960 /* SceneDelegate.swift */,
				031FAE992A374C1400D44960 /* ViewController.swift */,
				031FAEAD2A37570500D44960 /* CurrencyDetails.swift */,
				031FAE9B2A374C1400D44960 /* Main.storyboard */,
				031FAE9E2A374C1800D44960 /* Assets.xcassets */,
				031FAEA02A374C1800D44960 /* LaunchScreen.storyboard */,
				031FAEA32A374C1800D44960 /* Info.plist */,
				031FAEA92A37567B00D44960 /* currencyCell.swift */,
				031FAEAA2A37567B00D44960 /* currencyCell.xib */,
			);
			path = CurrencyApp;
			sourceTree = "<group>";
		};
		031FAEAF2A38E5A400D44960 /* Models */ = {
			isa = PBXGroup;
			children = (
				031FAEB02A38E5E600D44960 /* currencyModel.swift */,
			);
			path = Models;
			sourceTree = "<group>";
		};
		031FAEB22A38F30B00D44960 /* Network */ = {
			isa = PBXGroup;
			children = (
				031FAEB32A38F30B00D44960 /* APIClient.swift */,
				031FAEB42A38F30B00D44960 /* URLs.swift */,
			);
			path = Network;
			sourceTree = "<group>";
		};
		031FAEB72A38F7D900D44960 /* Home */ = {
			isa = PBXGroup;
			children = (
				031FAEBA2A38F7EE00D44960 /* mainHomeConfigurator.swift */,
				031FAEB82A38F7EE00D44960 /* mainHomePresenter.swift */,
				031FAEB92A38F7EE00D44960 /* mainHomeVC.swift */,
			);
			path = Home;
			sourceTree = "<group>";
		};
		5C725EA7145C570E48AD0929 /* Frameworks */ = {
			isa = PBXGroup;
			children = (
				8929FE2A8D9635DB7D84A7A1 /* Pods_CurrencyApp.framework */,
			);
			name = Frameworks;
			sourceTree = "<group>";
		};
		F9314E5BD4889DD0011B1FFD /* Pods */ = {
			isa = PBXGroup;
			children = (
				301B6021FCA2F70F443ED06D /* Pods-CurrencyApp.debug.xcconfig */,
				98A87BACCBF68089ED4717C7 /* Pods-CurrencyApp.release.xcconfig */,
			);
			path = Pods;
			sourceTree = "<group>";
		};
/* End PBXGroup section */

/* Begin PBXNativeTarget section */
		031FAE912A374C1300D44960 /* CurrencyApp */ = {
			isa = PBXNativeTarget;
			buildConfigurationList = 031FAEA62A374C1800D44960 /* Build configuration list for PBXNativeTarget "CurrencyApp" */;
			buildPhases = (
				9BEFD37C6D6285716329F0C3 /* [CP] Check Pods Manifest.lock */,
				031FAE8E2A374C1300D44960 /* Sources */,
				031FAE8F2A374C1300D44960 /* Frameworks */,
				031FAE902A374C1300D44960 /* Resources */,
				DF5955FB633995EE0DAC9748 /* [CP] Embed Pods Frameworks */,
			);
			buildRules = (
			);
			dependencies = (
			);
			name = CurrencyApp;
			productName = CurrencyApp;
			productReference = 031FAE922A374C1400D44960 /* CurrencyApp.app */;
			productType = "com.apple.product-type.application";
		};
/* End PBXNativeTarget section */

/* Begin PBXProject section */
		031FAE8A2A374C1300D44960 /* Project object */ = {
			isa = PBXProject;
			attributes = {
				BuildIndependentTargetsInParallel = 1;
				LastSwiftUpdateCheck = 1330;
				LastUpgradeCheck = 1330;
				TargetAttributes = {
					031FAE912A374C1300D44960 = {
						CreatedOnToolsVersion = 13.3;
					};
				};
			};
			buildConfigurationList = 031FAE8D2A374C1300D44960 /* Build configuration list for PBXProject "CurrencyApp" */;
			compatibilityVersion = "Xcode 13.0";
			developmentRegion = en;
			hasScannedForEncodings = 0;
			knownRegions = (
				en,
				Base,
			);
			mainGroup = 031FAE892A374C1300D44960;
			productRefGroup = 031FAE932A374C1400D44960 /* Products */;
			projectDirPath = "";
			projectRoot = "";
			targets = (
				031FAE912A374C1300D44960 /* CurrencyApp */,
			);
		};
/* End PBXProject section */

/* Begin PBXResourcesBuildPhase section */
		031FAE902A374C1300D44960 /* Resources */ = {
			isa = PBXResourcesBuildPhase;
			buildActionMask = 2147483647;
			files = (
				031FAEAC2A37567B00D44960 /* currencyCell.xib in Resources */,
				031FAEA22A374C1800D44960 /* LaunchScreen.storyboard in Resources */,
				031FAE9F2A374C1800D44960 /* Assets.xcassets in Resources */,
				031FAE9D2A374C1400D44960 /* Main.storyboard in Resources */,
			);
			runOnlyForDeploymentPostprocessing = 0;
		};
/* End PBXResourcesBuildPhase section */

/* Begin PBXShellScriptBuildPhase section */
		9BEFD37C6D6285716329F0C3 /* [CP] Check Pods Manifest.lock */ = {
			isa = PBXShellScriptBuildPhase;
			buildActionMask = 2147483647;
			files = (
			);
			inputFileListPaths = (
			);
			inputPaths = (
				"${PODS_PODFILE_DIR_PATH}/Podfile.lock",
				"${PODS_ROOT}/Manifest.lock",
			);
			name = "[CP] Check Pods Manifest.lock";
			outputFileListPaths = (
			);
			outputPaths = (
				"$(DERIVED_FILE_DIR)/Pods-CurrencyApp-checkManifestLockResult.txt",
			);
			runOnlyForDeploymentPostprocessing = 0;
			shellPath = /bin/sh;
			shellScript = "diff \"${PODS_PODFILE_DIR_PATH}/Podfile.lock\" \"${PODS_ROOT}/Manifest.lock\" > /dev/null\nif [ $? != 0 ] ; then\n    # print error to STDERR\n    echo \"error: The sandbox is not in sync with the Podfile.lock. Run 'pod install' or update your CocoaPods installation.\" >&2\n    exit 1\nfi\n# This output is used by Xcode 'outputs' to avoid re-running this script phase.\necho \"SUCCESS\" > \"${SCRIPT_OUTPUT_FILE_0}\"\n";
			showEnvVarsInLog = 0;
		};
		DF5955FB633995EE0DAC9748 /* [CP] Embed Pods Frameworks */ = {
			isa = PBXShellScriptBuildPhase;
			buildActionMask = 2147483647;
			files = (
			);
			inputFileListPaths = (
				"${PODS_ROOT}/Target Support Files/Pods-CurrencyApp/Pods-CurrencyApp-frameworks-${CONFIGURATION}-input-files.xcfilelist",
			);
			name = "[CP] Embed Pods Frameworks";
			outputFileListPaths = (
				"${PODS_ROOT}/Target Support Files/Pods-CurrencyApp/Pods-CurrencyApp-frameworks-${CONFIGURATION}-output-files.xcfilelist",
			);
			runOnlyForDeploymentPostprocessing = 0;
			shellPath = /bin/sh;
			shellScript = "\"${PODS_ROOT}/Target Support Files/Pods-CurrencyApp/Pods-CurrencyApp-frameworks.sh\"\n";
			showEnvVarsInLog = 0;
		};
/* End PBXShellScriptBuildPhase section */

/* Begin PBXSourcesBuildPhase section */
		031FAE8E2A374C1300D44960 /* Sources */ = {
			isa = PBXSourcesBuildPhase;
			buildActionMask = 2147483647;
			files = (
				031FAEB12A38E5E600D44960 /* currencyModel.swift in Sources */,
				031FAEB52A38F30B00D44960 /* APIClient.swift in Sources */,
				031FAEBC2A38F7EE00D44960 /* mainHomeVC.swift in Sources */,
				031FAEBB2A38F7EE00D44960 /* mainHomePresenter.swift in Sources */,
				031FAEBD2A38F7EE00D44960 /* mainHomeConfigurator.swift in Sources */,
				031FAEAE2A37570500D44960 /* CurrencyDetails.swift in Sources */,
				031FAEB62A38F30B00D44960 /* URLs.swift in Sources */,
				031FAEAB2A37567B00D44960 /* currencyCell.swift in Sources */,
				031FAE9A2A374C1400D44960 /* ViewController.swift in Sources */,
				031FAE962A374C1400D44960 /* AppDelegate.swift in Sources */,
				031FAE982A374C1400D44960 /* SceneDelegate.swift in Sources */,
			);
			runOnlyForDeploymentPostprocessing = 0;
		};
/* End PBXSourcesBuildPhase section */

/* Begin PBXVariantGroup section */
		031FAE9B2A374C1400D44960 /* Main.storyboard */ = {
			isa = PBXVariantGroup;
			children = (
				031FAE9C2A374C1400D44960 /* Base */,
			);
			name = Main.storyboard;
			sourceTree = "<group>";
		};
		031FAEA02A374C1800D44960 /* LaunchScreen.storyboard */ = {
			isa = PBXVariantGroup;
			children = (
				031FAEA12A374C1800D44960 /* Base */,
			);
			name = LaunchScreen.storyboard;
			sourceTree = "<group>";
		};
/* End PBXVariantGroup section */

/* Begin XCBuildConfiguration section */
		031FAEA42A374C1800D44960 /* Debug */ = {
			isa = XCBuildConfiguration;
			buildSettings = {
				ALWAYS_SEARCH_USER_PATHS = NO;
				CLANG_ANALYZER_NONNULL = YES;
				CLANG_ANALYZER_NUMBER_OBJECT_CONVERSION = YES_AGGRESSIVE;
				CLANG_CXX_LANGUAGE_STANDARD = "gnu++17";
				CLANG_ENABLE_MODULES = YES;
				CLANG_ENABLE_OBJC_ARC = YES;
				CLANG_ENABLE_OBJC_WEAK = YES;
				CLANG_WARN_BLOCK_CAPTURE_AUTORELEASING = YES;
				CLANG_WARN_BOOL_CONVERSION = YES;
				CLANG_WARN_COMMA = YES;
				CLANG_WARN_CONSTANT_CONVERSION = YES;
				CLANG_WARN_DEPRECATED_OBJC_IMPLEMENTATIONS = YES;
				CLANG_WARN_DIRECT_OBJC_ISA_USAGE = YES_ERROR;
				CLANG_WARN_DOCUMENTATION_COMMENTS = YES;
				CLANG_WARN_EMPTY_BODY = YES;
				CLANG_WARN_ENUM_CONVERSION = YES;
				CLANG_WARN_INFINITE_RECURSION = YES;
				CLANG_WARN_INT_CONVERSION = YES;
				CLANG_WARN_NON_LITERAL_NULL_CONVERSION = YES;
				CLANG_WARN_OBJC_IMPLICIT_RETAIN_SELF = YES;
				CLANG_WARN_OBJC_LITERAL_CONVERSION = YES;
				CLANG_WARN_OBJC_ROOT_CLASS = YES_ERROR;
				CLANG_WARN_QUOTED_INCLUDE_IN_FRAMEWORK_HEADER = YES;
				CLANG_WARN_RANGE_LOOP_ANALYSIS = YES;
				CLANG_WARN_STRICT_PROTOTYPES = YES;
				CLANG_WARN_SUSPICIOUS_MOVE = YES;
				CLANG_WARN_UNGUARDED_AVAILABILITY = YES_AGGRESSIVE;
				CLANG_WARN_UNREACHABLE_CODE = YES;
				CLANG_WARN__DUPLICATE_METHOD_MATCH = YES;
				COPY_PHASE_STRIP = NO;
				DEBUG_INFORMATION_FORMAT = dwarf;
				ENABLE_STRICT_OBJC_MSGSEND = YES;
				ENABLE_TESTABILITY = YES;
				GCC_C_LANGUAGE_STANDARD = gnu11;
				GCC_DYNAMIC_NO_PIC = NO;
				GCC_NO_COMMON_BLOCKS = YES;
				GCC_OPTIMIZATION_LEVEL = 0;
				GCC_PREPROCESSOR_DEFINITIONS = (
					"DEBUG=1",
					"$(inherited)",
				);
				GCC_WARN_64_TO_32_BIT_CONVERSION = YES;
				GCC_WARN_ABOUT_RETURN_TYPE = YES_ERROR;
				GCC_WARN_UNDECLARED_SELECTOR = YES;
				GCC_WARN_UNINITIALIZED_AUTOS = YES_AGGRESSIVE;
				GCC_WARN_UNUSED_FUNCTION = YES;
				GCC_WARN_UNUSED_VARIABLE = YES;
				IPHONEOS_DEPLOYMENT_TARGET = 15.4;
				MTL_ENABLE_DEBUG_INFO = INCLUDE_SOURCE;
				MTL_FAST_MATH = YES;
				ONLY_ACTIVE_ARCH = YES;
				SDKROOT = iphoneos;
				SWIFT_ACTIVE_COMPILATION_CONDITIONS = DEBUG;
				SWIFT_OPTIMIZATION_LEVEL = "-Onone";
			};
			name = Debug;
		};
		031FAEA52A374C1800D44960 /* Release */ = {
			isa = XCBuildConfiguration;
			buildSettings = {
				ALWAYS_SEARCH_USER_PATHS = NO;
				CLANG_ANALYZER_NONNULL = YES;
				CLANG_ANALYZER_NUMBER_OBJECT_CONVERSION = YES_AGGRESSIVE;
				CLANG_CXX_LANGUAGE_STANDARD = "gnu++17";
				CLANG_ENABLE_MODULES = YES;
				CLANG_ENABLE_OBJC_ARC = YES;
				CLANG_ENABLE_OBJC_WEAK = YES;
				CLANG_WARN_BLOCK_CAPTURE_AUTORELEASING = YES;
				CLANG_WARN_BOOL_CONVERSION = YES;
				CLANG_WARN_COMMA = YES;
				CLANG_WARN_CONSTANT_CONVERSION = YES;
				CLANG_WARN_DEPRECATED_OBJC_IMPLEMENTATIONS = YES;
				CLANG_WARN_DIRECT_OBJC_ISA_USAGE = YES_ERROR;
				CLANG_WARN_DOCUMENTATION_COMMENTS = YES;
				CLANG_WARN_EMPTY_BODY = YES;
				CLANG_WARN_ENUM_CONVERSION = YES;
				CLANG_WARN_INFINITE_RECURSION = YES;
				CLANG_WARN_INT_CONVERSION = YES;
				CLANG_WARN_NON_LITERAL_NULL_CONVERSION = YES;
				CLANG_WARN_OBJC_IMPLICIT_RETAIN_SELF = YES;
				CLANG_WARN_OBJC_LITERAL_CONVERSION = YES;
				CLANG_WARN_OBJC_ROOT_CLASS = YES_ERROR;
				CLANG_WARN_QUOTED_INCLUDE_IN_FRAMEWORK_HEADER = YES;
				CLANG_WARN_RANGE_LOOP_ANALYSIS = YES;
				CLANG_WARN_STRICT_PROTOTYPES = YES;
				CLANG_WARN_SUSPICIOUS_MOVE = YES;
				CLANG_WARN_UNGUARDED_AVAILABILITY = YES_AGGRESSIVE;
				CLANG_WARN_UNREACHABLE_CODE = YES;
				CLANG_WARN__DUPLICATE_METHOD_MATCH = YES;
				COPY_PHASE_STRIP = NO;
				DEBUG_INFORMATION_FORMAT = "dwarf-with-dsym";
				ENABLE_NS_ASSERTIONS = NO;
				ENABLE_STRICT_OBJC_MSGSEND = YES;
				GCC_C_LANGUAGE_STANDARD = gnu11;
				GCC_NO_COMMON_BLOCKS = YES;
				GCC_WARN_64_TO_32_BIT_CONVERSION = YES;
				GCC_WARN_ABOUT_RETURN_TYPE = YES_ERROR;
				GCC_WARN_UNDECLARED_SELECTOR = YES;
				GCC_WARN_UNINITIALIZED_AUTOS = YES_AGGRESSIVE;
				GCC_WARN_UNUSED_FUNCTION = YES;
				GCC_WARN_UNUSED_VARIABLE = YES;
				IPHONEOS_DEPLOYMENT_TARGET = 15.4;
				MTL_ENABLE_DEBUG_INFO = NO;
				MTL_FAST_MATH = YES;
				SDKROOT = iphoneos;
				SWIFT_COMPILATION_MODE = wholemodule;
				SWIFT_OPTIMIZATION_LEVEL = "-O";
				VALIDATE_PRODUCT = YES;
			};
			name = Release;
		};
		031FAEA72A374C1800D44960 /* Debug */ = {
			isa = XCBuildConfiguration;
			baseConfigurationReference = 301B6021FCA2F70F443ED06D /* Pods-CurrencyApp.debug.xcconfig */;
			buildSettings = {
				ASSETCATALOG_COMPILER_APPICON_NAME = AppIcon;
				ASSETCATALOG_COMPILER_GLOBAL_ACCENT_COLOR_NAME = AccentColor;
				CODE_SIGN_STYLE = Automatic;
				CURRENT_PROJECT_VERSION = 1;
				DEVELOPMENT_TEAM = G6NF3JLPJ8;
				GENERATE_INFOPLIST_FILE = YES;
				INFOPLIST_FILE = CurrencyApp/Info.plist;
				INFOPLIST_KEY_UIApplicationSupportsIndirectInputEvents = YES;
				INFOPLIST_KEY_UILaunchStoryboardName = LaunchScreen;
				INFOPLIST_KEY_UIMainStoryboardFile = Main;
				INFOPLIST_KEY_UISupportedInterfaceOrientations = UIInterfaceOrientationPortrait;
				INFOPLIST_KEY_UISupportedInterfaceOrientations_iPad = "UIInterfaceOrientationPortrait UIInterfaceOrientationPortraitUpsideDown UIInterfaceOrientationLandscapeLeft UIInterfaceOrientationLandscapeRight";
				INFOPLIST_KEY_UISupportedInterfaceOrientations_iPhone = "UIInterfaceOrientationPortrait UIInterfaceOrientationLandscapeLeft UIInterfaceOrientationLandscapeRight";
				LD_RUNPATH_SEARCH_PATHS = (
					"$(inherited)",
					"@executable_path/Frameworks",
				);
				MARKETING_VERSION = 1.0;
				PRODUCT_BUNDLE_IDENTIFIER = aya.CurrencyApp;
				PRODUCT_NAME = "$(TARGET_NAME)";
				SWIFT_EMIT_LOC_STRINGS = YES;
				SWIFT_VERSION = 5.0;
				TARGETED_DEVICE_FAMILY = 1;
			};
			name = Debug;
		};
		031FAEA82A374C1800D44960 /* Release */ = {
			isa = XCBuildConfiguration;
			baseConfigurationReference = 98A87BACCBF68089ED4717C7 /* Pods-CurrencyApp.release.xcconfig */;
			buildSettings = {
				ASSETCATALOG_COMPILER_APPICON_NAME = AppIcon;
				ASSETCATALOG_COMPILER_GLOBAL_ACCENT_COLOR_NAME = AccentColor;
				CODE_SIGN_STYLE = Automatic;
				CURRENT_PROJECT_VERSION = 1;
				DEVELOPMENT_TEAM = G6NF3JLPJ8;
				GENERATE_INFOPLIST_FILE = YES;
				INFOPLIST_FILE = CurrencyApp/Info.plist;
				INFOPLIST_KEY_UIApplicationSupportsIndirectInputEvents = YES;
				INFOPLIST_KEY_UILaunchStoryboardName = LaunchScreen;
				INFOPLIST_KEY_UIMainStoryboardFile = Main;
				INFOPLIST_KEY_UISupportedInterfaceOrientations = UIInterfaceOrientationPortrait;
				INFOPLIST_KEY_UISupportedInterfaceOrientations_iPad = "UIInterfaceOrientationPortrait UIInterfaceOrientationPortraitUpsideDown UIInterfaceOrientationLandscapeLeft UIInterfaceOrientationLandscapeRight";
				INFOPLIST_KEY_UISupportedInterfaceOrientations_iPhone = "UIInterfaceOrientationPortrait UIInterfaceOrientationLandscapeLeft UIInterfaceOrientationLandscapeRight";
				LD_RUNPATH_SEARCH_PATHS = (
					"$(inherited)",
					"@executable_path/Frameworks",
				);
				MARKETING_VERSION = 1.0;
				PRODUCT_BUNDLE_IDENTIFIER = aya.CurrencyApp;
				PRODUCT_NAME = "$(TARGET_NAME)";
				SWIFT_EMIT_LOC_STRINGS = YES;
				SWIFT_VERSION = 5.0;
				TARGETED_DEVICE_FAMILY = 1;
			};
			name = Release;
		};
/* End XCBuildConfiguration section */

/* Begin XCConfigurationList section */
		031FAE8D2A374C1300D44960 /* Build configuration list for PBXProject "CurrencyApp" */ = {
			isa = XCConfigurationList;
			buildConfigurations = (
				031FAEA42A374C1800D44960 /* Debug */,
				031FAEA52A374C1800D44960 /* Release */,
			);
			defaultConfigurationIsVisible = 0;
			defaultConfigurationName = Release;
		};
		031FAEA62A374C1800D44960 /* Build configuration list for PBXNativeTarget "CurrencyApp" */ = {
			isa = XCConfigurationList;
			buildConfigurations = (
				031FAEA72A374C1800D44960 /* Debug */,
				031FAEA82A374C1800D44960 /* Release */,
			);
			defaultConfigurationIsVisible = 0;
			defaultConfigurationName = Release;
		};
/* End XCConfigurationList section */
	};
	rootObject = 031FAE8A2A374C1300D44960 /* Project object */;
}
